// !$*UTF8*$!
{
	archiveVersion = 1;
	classes = {
	};
	objectVersion = 56;
	objects = {

/* Begin PBXBuildFile section */
		3653E2AF2BAAA98000B2A765 /* FilterView.swift in Sources */ = {isa = PBXBuildFile; fileRef = 3653E2AE2BAAA98000B2A765 /* FilterView.swift */; };
		36F52C0A2BA2F9F8004FB7C3 /* AppDelegate.swift in Sources */ = {isa = PBXBuildFile; fileRef = 36F52C092BA2F9F8004FB7C3 /* AppDelegate.swift */; };
		36F52C0C2BA2F9F8004FB7C3 /* SceneDelegate.swift in Sources */ = {isa = PBXBuildFile; fileRef = 36F52C0B2BA2F9F8004FB7C3 /* SceneDelegate.swift */; };
		36F52C0E2BA2F9F8004FB7C3 /* FilterViewController.swift in Sources */ = {isa = PBXBuildFile; fileRef = 36F52C0D2BA2F9F8004FB7C3 /* FilterViewController.swift */; };
		36F52C132BA2F9FB004FB7C3 /* Assets.xcassets in Resources */ = {isa = PBXBuildFile; fileRef = 36F52C122BA2F9FB004FB7C3 /* Assets.xcassets */; };
		36F52C162BA2F9FB004FB7C3 /* LaunchScreen.storyboard in Resources */ = {isa = PBXBuildFile; fileRef = 36F52C142BA2F9FB004FB7C3 /* LaunchScreen.storyboard */; };
		DE3F429A2BA37331007C88F1 /* LUTManager.swift in Sources */ = {isa = PBXBuildFile; fileRef = DE3F42992BA37331007C88F1 /* LUTManager.swift */; };
/* End PBXBuildFile section */

/* Begin PBXFileReference section */
		3653E2AE2BAAA98000B2A765 /* FilterView.swift */ = {isa = PBXFileReference; lastKnownFileType = sourcecode.swift; path = FilterView.swift; sourceTree = "<group>"; };
		36F52C062BA2F9F8004FB7C3 /* LUTFilterApp.app */ = {isa = PBXFileReference; explicitFileType = wrapper.application; includeInIndex = 0; path = LUTFilterApp.app; sourceTree = BUILT_PRODUCTS_DIR; };
		36F52C092BA2F9F8004FB7C3 /* AppDelegate.swift */ = {isa = PBXFileReference; lastKnownFileType = sourcecode.swift; path = AppDelegate.swift; sourceTree = "<group>"; };
		36F52C0B2BA2F9F8004FB7C3 /* SceneDelegate.swift */ = {isa = PBXFileReference; lastKnownFileType = sourcecode.swift; path = SceneDelegate.swift; sourceTree = "<group>"; };
		36F52C0D2BA2F9F8004FB7C3 /* FilterViewController.swift */ = {isa = PBXFileReference; lastKnownFileType = sourcecode.swift; path = FilterViewController.swift; sourceTree = "<group>"; };
		36F52C122BA2F9FB004FB7C3 /* Assets.xcassets */ = {isa = PBXFileReference; lastKnownFileType = folder.assetcatalog; path = Assets.xcassets; sourceTree = "<group>"; };
		36F52C152BA2F9FB004FB7C3 /* Base */ = {isa = PBXFileReference; lastKnownFileType = file.storyboard; name = Base; path = Base.lproj/LaunchScreen.storyboard; sourceTree = "<group>"; };
		36F52C172BA2F9FB004FB7C3 /* Info.plist */ = {isa = PBXFileReference; lastKnownFileType = text.plist.xml; path = Info.plist; sourceTree = "<group>"; };
		DE3F42992BA37331007C88F1 /* LUTManager.swift */ = {isa = PBXFileReference; lastKnownFileType = sourcecode.swift; path = LUTManager.swift; sourceTree = "<group>"; };
/* End PBXFileReference section */

/* Begin PBXFrameworksBuildPhase section */
		36F52C032BA2F9F8004FB7C3 /* Frameworks */ = {
			isa = PBXFrameworksBuildPhase;
			buildActionMask = 2147483647;
			files = (
			);
			runOnlyForDeploymentPostprocessing = 0;
		};
/* End PBXFrameworksBuildPhase section */

/* Begin PBXGroup section */
		3653E2AD2BAAA95600B2A765 /* Views */ = {
			isa = PBXGroup;
			children = (
				3653E2AE2BAAA98000B2A765 /* FilterView.swift */,
			);
			path = Views;
			sourceTree = "<group>";
		};
		3653E2B02BAABD2500B2A765 /* Managers */ = {
			isa = PBXGroup;
			children = (
				DE3F42992BA37331007C88F1 /* LUTManager.swift */,
			);
			path = Managers;
			sourceTree = "<group>";
		};
		36F52BFD2BA2F9F8004FB7C3 = {
			isa = PBXGroup;
			children = (
				36F52C082BA2F9F8004FB7C3 /* LUTFilterApp */,
				36F52C072BA2F9F8004FB7C3 /* Products */,
			);
			sourceTree = "<group>";
		};
		36F52C072BA2F9F8004FB7C3 /* Products */ = {
			isa = PBXGroup;
			children = (
				36F52C062BA2F9F8004FB7C3 /* LUTFilterApp.app */,
			);
			name = Products;
			sourceTree = "<group>";
		};
		36F52C082BA2F9F8004FB7C3 /* LUTFilterApp */ = {
			isa = PBXGroup;
			children = (
				3653E2B02BAABD2500B2A765 /* Managers */,
				3653E2AD2BAAA95600B2A765 /* Views */,
				36F52C1E2BA2FB7F004FB7C3 /* Resources */,
				36F52C1D2BA2FB6D004FB7C3 /* Controllers */,
				36F52C172BA2F9FB004FB7C3 /* Info.plist */,
			);
			path = LUTFilterApp;
			sourceTree = "<group>";
		};
		36F52C1D2BA2FB6D004FB7C3 /* Controllers */ = {
			isa = PBXGroup;
			children = (
				36F52C0D2BA2F9F8004FB7C3 /* FilterViewController.swift */,
			);
			path = Controllers;
			sourceTree = "<group>";
		};
		36F52C1E2BA2FB7F004FB7C3 /* Resources */ = {
			isa = PBXGroup;
			children = (
				36F52C142BA2F9FB004FB7C3 /* LaunchScreen.storyboard */,
				36F52C122BA2F9FB004FB7C3 /* Assets.xcassets */,
				36F52C092BA2F9F8004FB7C3 /* AppDelegate.swift */,
				36F52C0B2BA2F9F8004FB7C3 /* SceneDelegate.swift */,
			);
			path = Resources;
			sourceTree = "<group>";
		};
/* End PBXGroup section */

/* Begin PBXNativeTarget section */
		36F52C052BA2F9F8004FB7C3 /* LUTFilterApp */ = {
			isa = PBXNativeTarget;
			buildConfigurationList = 36F52C1A2BA2F9FB004FB7C3 /* Build configuration list for PBXNativeTarget "LUTFilterApp" */;
			buildPhases = (
				36F52C022BA2F9F8004FB7C3 /* Sources */,
				36F52C032BA2F9F8004FB7C3 /* Frameworks */,
				36F52C042BA2F9F8004FB7C3 /* Resources */,
			);
			buildRules = (
			);
			dependencies = (
			);
			name = LUTFilterApp;
			productName = LUTFilterApp;
			productReference = 36F52C062BA2F9F8004FB7C3 /* LUTFilterApp.app */;
			productType = "com.apple.product-type.application";
		};
/* End PBXNativeTarget section */

/* Begin PBXProject section */
		36F52BFE2BA2F9F8004FB7C3 /* Project object */ = {
			isa = PBXProject;
			attributes = {
				BuildIndependentTargetsInParallel = 1;
				LastSwiftUpdateCheck = 1520;
				LastUpgradeCheck = 1520;
				TargetAttributes = {
					36F52C052BA2F9F8004FB7C3 = {
						CreatedOnToolsVersion = 15.2;
					};
				};
			};
			buildConfigurationList = 36F52C012BA2F9F8004FB7C3 /* Build configuration list for PBXProject "LUTFilterApp" */;
			compatibilityVersion = "Xcode 14.0";
			developmentRegion = en;
			hasScannedForEncodings = 0;
			knownRegions = (
				en,
				Base,
			);
			mainGroup = 36F52BFD2BA2F9F8004FB7C3;
			productRefGroup = 36F52C072BA2F9F8004FB7C3 /* Products */;
			projectDirPath = "";
			projectRoot = "";
			targets = (
				36F52C052BA2F9F8004FB7C3 /* LUTFilterApp */,
			);
		};
/* End PBXProject section */

/* Begin PBXResourcesBuildPhase section */
		36F52C042BA2F9F8004FB7C3 /* Resources */ = {
			isa = PBXResourcesBuildPhase;
			buildActionMask = 2147483647;
			files = (
				36F52C162BA2F9FB004FB7C3 /* LaunchScreen.storyboard in Resources */,
				36F52C132BA2F9FB004FB7C3 /* Assets.xcassets in Resources */,
			);
			runOnlyForDeploymentPostprocessing = 0;
		};
/* End PBXResourcesBuildPhase section */

/* Begin PBXSourcesBuildPhase section */
		36F52C022BA2F9F8004FB7C3 /* Sources */ = {
			isa = PBXSourcesBuildPhase;
			buildActionMask = 2147483647;
			files = (
				36F52C0E2BA2F9F8004FB7C3 /* FilterViewController.swift in Sources */,
				36F52C0A2BA2F9F8004FB7C3 /* AppDelegate.swift in Sources */,
				36F52C0C2BA2F9F8004FB7C3 /* SceneDelegate.swift in Sources */,
				3653E2AF2BAAA98000B2A765 /* FilterView.swift in Sources */,
				DE3F429A2BA37331007C88F1 /* LUTManager.swift in Sources */,
			);
			runOnlyForDeploymentPostprocessing = 0;
		};
/* End PBXSourcesBuildPhase section */

/* Begin PBXVariantGroup section */
		36F52C142BA2F9FB004FB7C3 /* LaunchScreen.storyboard */ = {
			isa = PBXVariantGroup;
			children = (
				36F52C152BA2F9FB004FB7C3 /* Base */,
			);
			name = LaunchScreen.storyboard;
			sourceTree = "<group>";
		};
/* End PBXVariantGroup section */

/* Begin XCBuildConfiguration section */
		36F52C182BA2F9FB004FB7C3 /* Debug */ = {
			isa = XCBuildConfiguration;
			buildSettings = {
				ALWAYS_SEARCH_USER_PATHS = NO;
				ASSETCATALOG_COMPILER_GENERATE_SWIFT_ASSET_SYMBOL_EXTENSIONS = YES;
				CLANG_ANALYZER_NONNULL = YES;
				CLANG_ANALYZER_NUMBER_OBJECT_CONVERSION = YES_AGGRESSIVE;
				CLANG_CXX_LANGUAGE_STANDARD = "gnu++20";
				CLANG_ENABLE_MODULES = YES;
				CLANG_ENABLE_OBJC_ARC = YES;
				CLANG_ENABLE_OBJC_WEAK = YES;
				CLANG_WARN_BLOCK_CAPTURE_AUTORELEASING = YES;
				CLANG_WARN_BOOL_CONVERSION = YES;
				CLANG_WARN_COMMA = YES;
				CLANG_WARN_CONSTANT_CONVERSION = YES;
				CLANG_WARN_DEPRECATED_OBJC_IMPLEMENTATIONS = YES;
				CLANG_WARN_DIRECT_OBJC_ISA_USAGE = YES_ERROR;
				CLANG_WARN_DOCUMENTATION_COMMENTS = YES;
				CLANG_WARN_EMPTY_BODY = YES;
				CLANG_WARN_ENUM_CONVERSION = YES;
				CLANG_WARN_INFINITE_RECURSION = YES;
				CLANG_WARN_INT_CONVERSION = YES;
				CLANG_WARN_NON_LITERAL_NULL_CONVERSION = YES;
				CLANG_WARN_OBJC_IMPLICIT_RETAIN_SELF = YES;
				CLANG_WARN_OBJC_LITERAL_CONVERSION = YES;
				CLANG_WARN_OBJC_ROOT_CLASS = YES_ERROR;
				CLANG_WARN_QUOTED_INCLUDE_IN_FRAMEWORK_HEADER = YES;
				CLANG_WARN_RANGE_LOOP_ANALYSIS = YES;
				CLANG_WARN_STRICT_PROTOTYPES = YES;
				CLANG_WARN_SUSPICIOUS_MOVE = YES;
				CLANG_WARN_UNGUARDED_AVAILABILITY = YES_AGGRESSIVE;
				CLANG_WARN_UNREACHABLE_CODE = YES;
				CLANG_WARN__DUPLICATE_METHOD_MATCH = YES;
				COPY_PHASE_STRIP = NO;
				DEBUG_INFORMATION_FORMAT = dwarf;
				ENABLE_STRICT_OBJC_MSGSEND = YES;
				ENABLE_TESTABILITY = YES;
				ENABLE_USER_SCRIPT_SANDBOXING = YES;
				GCC_C_LANGUAGE_STANDARD = gnu17;
				GCC_DYNAMIC_NO_PIC = NO;
				GCC_NO_COMMON_BLOCKS = YES;
				GCC_OPTIMIZATION_LEVEL = 0;
				GCC_PREPROCESSOR_DEFINITIONS = (
					"DEBUG=1",
					"$(inherited)",
				);
				GCC_WARN_64_TO_32_BIT_CONVERSION = YES;
				GCC_WARN_ABOUT_RETURN_TYPE = YES_ERROR;
				GCC_WARN_UNDECLARED_SELECTOR = YES;
				GCC_WARN_UNINITIALIZED_AUTOS = YES_AGGRESSIVE;
				GCC_WARN_UNUSED_FUNCTION = YES;
				GCC_WARN_UNUSED_VARIABLE = YES;
				IPHONEOS_DEPLOYMENT_TARGET = 17.2;
				LOCALIZATION_PREFERS_STRING_CATALOGS = YES;
				MTL_ENABLE_DEBUG_INFO = INCLUDE_SOURCE;
				MTL_FAST_MATH = YES;
				ONLY_ACTIVE_ARCH = YES;
				SDKROOT = iphoneos;
				SWIFT_ACTIVE_COMPILATION_CONDITIONS = "DEBUG $(inherited)";
				SWIFT_OPTIMIZATION_LEVEL = "-Onone";
			};
			name = Debug;
		};
		36F52C192BA2F9FB004FB7C3 /* Release */ = {
			isa = XCBuildConfiguration;
			buildSettings = {
				ALWAYS_SEARCH_USER_PATHS = NO;
				ASSETCATALOG_COMPILER_GENERATE_SWIFT_ASSET_SYMBOL_EXTENSIONS = YES;
				CLANG_ANALYZER_NONNULL = YES;
				CLANG_ANALYZER_NUMBER_OBJECT_CONVERSION = YES_AGGRESSIVE;
				CLANG_CXX_LANGUAGE_STANDARD = "gnu++20";
				CLANG_ENABLE_MODULES = YES;
				CLANG_ENABLE_OBJC_ARC = YES;
				CLANG_ENABLE_OBJC_WEAK = YES;
				CLANG_WARN_BLOCK_CAPTURE_AUTORELEASING = YES;
				CLANG_WARN_BOOL_CONVERSION = YES;
				CLANG_WARN_COMMA = YES;
				CLANG_WARN_CONSTANT_CONVERSION = YES;
				CLANG_WARN_DEPRECATED_OBJC_IMPLEMENTATIONS = YES;
				CLANG_WARN_DIRECT_OBJC_ISA_USAGE = YES_ERROR;
				CLANG_WARN_DOCUMENTATION_COMMENTS = YES;
				CLANG_WARN_EMPTY_BODY = YES;
				CLANG_WARN_ENUM_CONVERSION = YES;
				CLANG_WARN_INFINITE_RECURSION = YES;
				CLANG_WARN_INT_CONVERSION = YES;
				CLANG_WARN_NON_LITERAL_NULL_CONVERSION = YES;
				CLANG_WARN_OBJC_IMPLICIT_RETAIN_SELF = YES;
				CLANG_WARN_OBJC_LITERAL_CONVERSION = YES;
				CLANG_WARN_OBJC_ROOT_CLASS = YES_ERROR;
				CLANG_WARN_QUOTED_INCLUDE_IN_FRAMEWORK_HEADER = YES;
				CLANG_WARN_RANGE_LOOP_ANALYSIS = YES;
				CLANG_WARN_STRICT_PROTOTYPES = YES;
				CLANG_WARN_SUSPICIOUS_MOVE = YES;
				CLANG_WARN_UNGUARDED_AVAILABILITY = YES_AGGRESSIVE;
				CLANG_WARN_UNREACHABLE_CODE = YES;
				CLANG_WARN__DUPLICATE_METHOD_MATCH = YES;
				COPY_PHASE_STRIP = NO;
				DEBUG_INFORMATION_FORMAT = "dwarf-with-dsym";
				ENABLE_NS_ASSERTIONS = NO;
				ENABLE_STRICT_OBJC_MSGSEND = YES;
				ENABLE_USER_SCRIPT_SANDBOXING = YES;
				GCC_C_LANGUAGE_STANDARD = gnu17;
				GCC_NO_COMMON_BLOCKS = YES;
				GCC_WARN_64_TO_32_BIT_CONVERSION = YES;
				GCC_WARN_ABOUT_RETURN_TYPE = YES_ERROR;
				GCC_WARN_UNDECLARED_SELECTOR = YES;
				GCC_WARN_UNINITIALIZED_AUTOS = YES_AGGRESSIVE;
				GCC_WARN_UNUSED_FUNCTION = YES;
				GCC_WARN_UNUSED_VARIABLE = YES;
				IPHONEOS_DEPLOYMENT_TARGET = 17.2;
				LOCALIZATION_PREFERS_STRING_CATALOGS = YES;
				MTL_ENABLE_DEBUG_INFO = NO;
				MTL_FAST_MATH = YES;
				SDKROOT = iphoneos;
				SWIFT_COMPILATION_MODE = wholemodule;
				VALIDATE_PRODUCT = YES;
			};
			name = Release;
		};
		36F52C1B2BA2F9FB004FB7C3 /* Debug */ = {
			isa = XCBuildConfiguration;
			buildSettings = {
				ASSETCATALOG_COMPILER_APPICON_NAME = AppIcon;
				ASSETCATALOG_COMPILER_GLOBAL_ACCENT_COLOR_NAME = AccentColor;
				CODE_SIGN_STYLE = Automatic;
				CURRENT_PROJECT_VERSION = 1;
				DEVELOPMENT_TEAM = 6N6RL68QXC;
				GENERATE_INFOPLIST_FILE = YES;
				INFOPLIST_FILE = LUTFilterApp/Info.plist;
				INFOPLIST_KEY_NSCameraUsageDescription = "사진 접근을 위해 권한이 필요합니다.";
				INFOPLIST_KEY_NSPhotoLibraryAddUsageDescription = "이미지를 저장하려면 앨범 접근 권한이 필요합니다.";
				INFOPLIST_KEY_UIApplicationSupportsIndirectInputEvents = YES;
				INFOPLIST_KEY_UILaunchStoryboardName = LaunchScreen;
				INFOPLIST_KEY_UISupportedInterfaceOrientations = UIInterfaceOrientationPortrait;
				IPHONEOS_DEPLOYMENT_TARGET = 15.0;
				LD_RUNPATH_SEARCH_PATHS = (
					"$(inherited)",
					"@executable_path/Frameworks",
				);
				MARKETING_VERSION = 1.0;
				PRODUCT_BUNDLE_IDENTIFIER = com.jellybus.LUTFilterApp;
				PRODUCT_NAME = "$(TARGET_NAME)";
				SUPPORTED_PLATFORMS = "iphoneos iphonesimulator";
				SUPPORTS_MACCATALYST = NO;
				SUPPORTS_MAC_DESIGNED_FOR_IPHONE_IPAD = NO;
				SUPPORTS_XR_DESIGNED_FOR_IPHONE_IPAD = NO;
				SWIFT_EMIT_LOC_STRINGS = YES;
				SWIFT_VERSION = 5.0;
				TARGETED_DEVICE_FAMILY = "1,2";
			};
			name = Debug;
		};
		36F52C1C2BA2F9FB004FB7C3 /* Release */ = {
			isa = XCBuildConfiguration;
			buildSettings = {
				ASSETCATALOG_COMPILER_APPICON_NAME = AppIcon;
				ASSETCATALOG_COMPILER_GLOBAL_ACCENT_COLOR_NAME = AccentColor;
				CODE_SIGN_STYLE = Automatic;
				CURRENT_PROJECT_VERSION = 1;
				DEVELOPMENT_TEAM = 6N6RL68QXC;
				GENERATE_INFOPLIST_FILE = YES;
				INFOPLIST_FILE = LUTFilterApp/Info.plist;
				INFOPLIST_KEY_NSCameraUsageDescription = "사진 접근을 위해 권한이 필요합니다.";
				INFOPLIST_KEY_NSPhotoLibraryAddUsageDescription = "이미지를 저장하려면 앨범 접근 권한이 필요합니다.";
				INFOPLIST_KEY_UIApplicationSupportsIndirectInputEvents = YES;
				INFOPLIST_KEY_UILaunchStoryboardName = LaunchScreen;
				INFOPLIST_KEY_UISupportedInterfaceOrientations = UIInterfaceOrientationPortrait;
				IPHONEOS_DEPLOYMENT_TARGET = 15.0;
				LD_RUNPATH_SEARCH_PATHS = (
					"$(inherited)",
					"@executable_path/Frameworks",
				);
				MARKETING_VERSION = 1.0;
				PRODUCT_BUNDLE_IDENTIFIER = com.jellybus.LUTFilterApp;
				PRODUCT_NAME = "$(TARGET_NAME)";
				SUPPORTED_PLATFORMS = "iphoneos iphonesimulator";
				SUPPORTS_MACCATALYST = NO;
				SUPPORTS_MAC_DESIGNED_FOR_IPHONE_IPAD = NO;
				SUPPORTS_XR_DESIGNED_FOR_IPHONE_IPAD = NO;
				SWIFT_EMIT_LOC_STRINGS = YES;
				SWIFT_VERSION = 5.0;
				TARGETED_DEVICE_FAMILY = "1,2";
			};
			name = Release;
		};
/* End XCBuildConfiguration section */

/* Begin XCConfigurationList section */
		36F52C012BA2F9F8004FB7C3 /* Build configuration list for PBXProject "LUTFilterApp" */ = {
			isa = XCConfigurationList;
			buildConfigurations = (
				36F52C182BA2F9FB004FB7C3 /* Debug */,
				36F52C192BA2F9FB004FB7C3 /* Release */,
			);
			defaultConfigurationIsVisible = 0;
			defaultConfigurationName = Release;
		};
		36F52C1A2BA2F9FB004FB7C3 /* Build configuration list for PBXNativeTarget "LUTFilterApp" */ = {
			isa = XCConfigurationList;
			buildConfigurations = (
				36F52C1B2BA2F9FB004FB7C3 /* Debug */,
				36F52C1C2BA2F9FB004FB7C3 /* Release */,
			);
			defaultConfigurationIsVisible = 0;
			defaultConfigurationName = Release;
		};
/* End XCConfigurationList section */
	};
	rootObject = 36F52BFE2BA2F9F8004FB7C3 /* Project object */;
}
